// !$*UTF8*$!
{
	archiveVersion = 1;
	classes = {
	};
	objectVersion = 52;
	objects = {

/* Begin PBXBuildFile section */
		6374DEEF24043DED00E0C03F /* SearchTableView.swift in Sources */ = {isa = PBXBuildFile; fileRef = 6374DEEE24043DED00E0C03F /* SearchTableView.swift */; };
		9F7AEAA724006BC000ED1E98 /* TabBarController.swift in Sources */ = {isa = PBXBuildFile; fileRef = 9F7AEAA624006BC000ED1E98 /* TabBarController.swift */; };
		9F7AEAA924006C8100ED1E98 /* UserPreference.swift in Sources */ = {isa = PBXBuildFile; fileRef = 9F7AEAA824006C8100ED1E98 /* UserPreference.swift */; };
		9F7AEAAC24006D2400ED1E98 /* FoursqModel.swift in Sources */ = {isa = PBXBuildFile; fileRef = 9F7AEAAB24006D2400ED1E98 /* FoursqModel.swift */; };
		9F7AEAAE24006E2B00ED1E98 /* SearchViewController.swift in Sources */ = {isa = PBXBuildFile; fileRef = 9F7AEAAD24006E2B00ED1E98 /* SearchViewController.swift */; };
		9F7AEAB024006E4000ED1E98 /* FavoritesViewController.swift in Sources */ = {isa = PBXBuildFile; fileRef = 9F7AEAAF24006E4000ED1E98 /* FavoritesViewController.swift */; };
		9F7AEAB22400730500ED1E98 /* PendingNotifications.swift in Sources */ = {isa = PBXBuildFile; fileRef = 9F7AEAB12400730500ED1E98 /* PendingNotifications.swift */; };
		9F7AEAB62400763D00ED1E98 /* SearchView.swift in Sources */ = {isa = PBXBuildFile; fileRef = 9F7AEAB52400763D00ED1E98 /* SearchView.swift */; };
		9F7AEAB82400765B00ED1E98 /* FavoritesView.swift in Sources */ = {isa = PBXBuildFile; fileRef = 9F7AEAB72400765B00ED1E98 /* FavoritesView.swift */; };
		9F7AEABA240077BE00ED1E98 /* SearchDetailView.swift in Sources */ = {isa = PBXBuildFile; fileRef = 9F7AEAB9240077BE00ED1E98 /* SearchDetailView.swift */; };
		9F7AEABC2400783A00ED1E98 /* SearchDetailViewController.swift in Sources */ = {isa = PBXBuildFile; fileRef = 9F7AEABB2400783A00ED1E98 /* SearchDetailViewController.swift */; };
		9F7AEAC02400799600ED1E98 /* SearchCollectionView.swift in Sources */ = {isa = PBXBuildFile; fileRef = 9F7AEABF2400799600ED1E98 /* SearchCollectionView.swift */; };
		9F7AEAC2240079EB00ED1E98 /* SearchCell.swift in Sources */ = {isa = PBXBuildFile; fileRef = 9F7AEAC1240079EB00ED1E98 /* SearchCell.swift */; };
		9F7AEAC424007B4400ED1E98 /* FavoritesViewCell.swift in Sources */ = {isa = PBXBuildFile; fileRef = 9F7AEAC324007B4400ED1E98 /* FavoritesViewCell.swift */; };
		9FC44E222400681700D68408 /* AppDelegate.swift in Sources */ = {isa = PBXBuildFile; fileRef = 9FC44E212400681700D68408 /* AppDelegate.swift */; };
		9FC44E242400681700D68408 /* SceneDelegate.swift in Sources */ = {isa = PBXBuildFile; fileRef = 9FC44E232400681700D68408 /* SceneDelegate.swift */; };
		9FC44E262400681700D68408 /* ViewController.swift in Sources */ = {isa = PBXBuildFile; fileRef = 9FC44E252400681700D68408 /* ViewController.swift */; };
		9FC44E292400681700D68408 /* Main.storyboard in Resources */ = {isa = PBXBuildFile; fileRef = 9FC44E272400681700D68408 /* Main.storyboard */; };
		9FC44E2B2400681A00D68408 /* Assets.xcassets in Resources */ = {isa = PBXBuildFile; fileRef = 9FC44E2A2400681A00D68408 /* Assets.xcassets */; };
		9FC44E2E2400681A00D68408 /* LaunchScreen.storyboard in Resources */ = {isa = PBXBuildFile; fileRef = 9FC44E2C2400681A00D68408 /* LaunchScreen.storyboard */; };
		9FC44E392400681B00D68408 /* FoursquareMapProjectTests.swift in Sources */ = {isa = PBXBuildFile; fileRef = 9FC44E382400681B00D68408 /* FoursquareMapProjectTests.swift */; };
		9FC44E452400684100D68408 /* DataPersistence in Frameworks */ = {isa = PBXBuildFile; productRef = 9FC44E442400684100D68408 /* DataPersistence */; };
		9FC44E482400685700D68408 /* NetworkHelper in Frameworks */ = {isa = PBXBuildFile; productRef = 9FC44E472400685700D68408 /* NetworkHelper */; };
		9FC44E4B2400687600D68408 /* ImageKit in Frameworks */ = {isa = PBXBuildFile; productRef = 9FC44E4A2400687600D68408 /* ImageKit */; };
		9FF3FA4324057E0600FD6BDA /* EmptyView.swift in Sources */ = {isa = PBXBuildFile; fileRef = 9FF3FA4224057E0600FD6BDA /* EmptyView.swift */; };
		9FF3FA4524058F0700FD6BDA /* Extensions + Alerts.swift in Sources */ = {isa = PBXBuildFile; fileRef = 9FF3FA4424058F0700FD6BDA /* Extensions + Alerts.swift */; };
		9FF3FA4724058F3100FD6BDA /* appError.swift in Sources */ = {isa = PBXBuildFile; fileRef = 9FF3FA4624058F3100FD6BDA /* appError.swift */; };
		C5099FAD327A24C13F2748D0 /* Pods_FoursquareMapProject.framework in Frameworks */ = {isa = PBXBuildFile; fileRef = 7212DD91D0BA347815CE0C19 /* Pods_FoursquareMapProject.framework */; };
		DEAADD368772F68E98467B91 /* Pods_FoursquareMapProjectTests.framework in Frameworks */ = {isa = PBXBuildFile; fileRef = FACAF4FDFE97155F5B70B609 /* Pods_FoursquareMapProjectTests.framework */; };
/* End PBXBuildFile section */

/* Begin PBXContainerItemProxy section */
		9FC44E352400681B00D68408 /* PBXContainerItemProxy */ = {
			isa = PBXContainerItemProxy;
			containerPortal = 9FC44E162400681700D68408 /* Project object */;
			proxyType = 1;
			remoteGlobalIDString = 9FC44E1D2400681700D68408;
			remoteInfo = FoursquareMapProject;
		};
/* End PBXContainerItemProxy section */

/* Begin PBXFileReference section */
		03D827D6608D2478CE5040C2 /* Pods-FoursquareMapProjectTests.release.xcconfig */ = {isa = PBXFileReference; includeInIndex = 1; lastKnownFileType = text.xcconfig; name = "Pods-FoursquareMapProjectTests.release.xcconfig"; path = "Target Support Files/Pods-FoursquareMapProjectTests/Pods-FoursquareMapProjectTests.release.xcconfig"; sourceTree = "<group>"; };
		0F3720C3457B202EF176883C /* Pods-FoursquareMapProject.release.xcconfig */ = {isa = PBXFileReference; includeInIndex = 1; lastKnownFileType = text.xcconfig; name = "Pods-FoursquareMapProject.release.xcconfig"; path = "Target Support Files/Pods-FoursquareMapProject/Pods-FoursquareMapProject.release.xcconfig"; sourceTree = "<group>"; };
		6374DEEE24043DED00E0C03F /* SearchTableView.swift */ = {isa = PBXFileReference; lastKnownFileType = sourcecode.swift; path = SearchTableView.swift; sourceTree = "<group>"; };
		7212DD91D0BA347815CE0C19 /* Pods_FoursquareMapProject.framework */ = {isa = PBXFileReference; explicitFileType = wrapper.framework; includeInIndex = 0; path = Pods_FoursquareMapProject.framework; sourceTree = BUILT_PRODUCTS_DIR; };
		97EAB40D9BC3B0B8E7ABEB72 /* Pods-FoursquareMapProject.debug.xcconfig */ = {isa = PBXFileReference; includeInIndex = 1; lastKnownFileType = text.xcconfig; name = "Pods-FoursquareMapProject.debug.xcconfig"; path = "Target Support Files/Pods-FoursquareMapProject/Pods-FoursquareMapProject.debug.xcconfig"; sourceTree = "<group>"; };
		9F7AEAA624006BC000ED1E98 /* TabBarController.swift */ = {isa = PBXFileReference; lastKnownFileType = sourcecode.swift; path = TabBarController.swift; sourceTree = "<group>"; };
		9F7AEAA824006C8100ED1E98 /* UserPreference.swift */ = {isa = PBXFileReference; lastKnownFileType = sourcecode.swift; path = UserPreference.swift; sourceTree = "<group>"; };
		9F7AEAAB24006D2400ED1E98 /* FoursqModel.swift */ = {isa = PBXFileReference; lastKnownFileType = sourcecode.swift; path = FoursqModel.swift; sourceTree = "<group>"; };
		9F7AEAAD24006E2B00ED1E98 /* SearchViewController.swift */ = {isa = PBXFileReference; lastKnownFileType = sourcecode.swift; path = SearchViewController.swift; sourceTree = "<group>"; };
		9F7AEAAF24006E4000ED1E98 /* FavoritesViewController.swift */ = {isa = PBXFileReference; lastKnownFileType = sourcecode.swift; path = FavoritesViewController.swift; sourceTree = "<group>"; };
		9F7AEAB12400730500ED1E98 /* PendingNotifications.swift */ = {isa = PBXFileReference; lastKnownFileType = sourcecode.swift; path = PendingNotifications.swift; sourceTree = "<group>"; };
		9F7AEAB52400763D00ED1E98 /* SearchView.swift */ = {isa = PBXFileReference; lastKnownFileType = sourcecode.swift; path = SearchView.swift; sourceTree = "<group>"; };
		9F7AEAB72400765B00ED1E98 /* FavoritesView.swift */ = {isa = PBXFileReference; lastKnownFileType = sourcecode.swift; path = FavoritesView.swift; sourceTree = "<group>"; };
		9F7AEAB9240077BE00ED1E98 /* SearchDetailView.swift */ = {isa = PBXFileReference; lastKnownFileType = sourcecode.swift; path = SearchDetailView.swift; sourceTree = "<group>"; };
		9F7AEABB2400783A00ED1E98 /* SearchDetailViewController.swift */ = {isa = PBXFileReference; lastKnownFileType = sourcecode.swift; path = SearchDetailViewController.swift; sourceTree = "<group>"; };
		9F7AEABF2400799600ED1E98 /* SearchCollectionView.swift */ = {isa = PBXFileReference; lastKnownFileType = sourcecode.swift; path = SearchCollectionView.swift; sourceTree = "<group>"; };
		9F7AEAC1240079EB00ED1E98 /* SearchCell.swift */ = {isa = PBXFileReference; lastKnownFileType = sourcecode.swift; path = SearchCell.swift; sourceTree = "<group>"; };
		9F7AEAC324007B4400ED1E98 /* FavoritesViewCell.swift */ = {isa = PBXFileReference; lastKnownFileType = sourcecode.swift; path = FavoritesViewCell.swift; sourceTree = "<group>"; };
		9FC44E1E2400681700D68408 /* FoursquareMapProject.app */ = {isa = PBXFileReference; explicitFileType = wrapper.application; includeInIndex = 0; path = FoursquareMapProject.app; sourceTree = BUILT_PRODUCTS_DIR; };
		9FC44E212400681700D68408 /* AppDelegate.swift */ = {isa = PBXFileReference; lastKnownFileType = sourcecode.swift; path = AppDelegate.swift; sourceTree = "<group>"; };
		9FC44E232400681700D68408 /* SceneDelegate.swift */ = {isa = PBXFileReference; lastKnownFileType = sourcecode.swift; path = SceneDelegate.swift; sourceTree = "<group>"; };
		9FC44E252400681700D68408 /* ViewController.swift */ = {isa = PBXFileReference; lastKnownFileType = sourcecode.swift; path = ViewController.swift; sourceTree = "<group>"; };
		9FC44E282400681700D68408 /* Base */ = {isa = PBXFileReference; lastKnownFileType = file.storyboard; name = Base; path = Base.lproj/Main.storyboard; sourceTree = "<group>"; };
		9FC44E2A2400681A00D68408 /* Assets.xcassets */ = {isa = PBXFileReference; lastKnownFileType = folder.assetcatalog; path = Assets.xcassets; sourceTree = "<group>"; };
		9FC44E2D2400681A00D68408 /* Base */ = {isa = PBXFileReference; lastKnownFileType = file.storyboard; name = Base; path = Base.lproj/LaunchScreen.storyboard; sourceTree = "<group>"; };
		9FC44E2F2400681A00D68408 /* Info.plist */ = {isa = PBXFileReference; lastKnownFileType = text.plist.xml; path = Info.plist; sourceTree = "<group>"; };
		9FC44E342400681B00D68408 /* FoursquareMapProjectTests.xctest */ = {isa = PBXFileReference; explicitFileType = wrapper.cfbundle; includeInIndex = 0; path = FoursquareMapProjectTests.xctest; sourceTree = BUILT_PRODUCTS_DIR; };
		9FC44E382400681B00D68408 /* FoursquareMapProjectTests.swift */ = {isa = PBXFileReference; lastKnownFileType = sourcecode.swift; path = FoursquareMapProjectTests.swift; sourceTree = "<group>"; };
		9FC44E3A2400681B00D68408 /* Info.plist */ = {isa = PBXFileReference; lastKnownFileType = text.plist.xml; path = Info.plist; sourceTree = "<group>"; };
		9FF3FA4224057E0600FD6BDA /* EmptyView.swift */ = {isa = PBXFileReference; lastKnownFileType = sourcecode.swift; path = EmptyView.swift; sourceTree = "<group>"; };
		9FF3FA4424058F0700FD6BDA /* Extensions + Alerts.swift */ = {isa = PBXFileReference; lastKnownFileType = sourcecode.swift; name = "Extensions + Alerts.swift"; path = "FoursquareMapProject/Views/Extensions + Alerts.swift"; sourceTree = SOURCE_ROOT; };
		9FF3FA4624058F3100FD6BDA /* appError.swift */ = {isa = PBXFileReference; lastKnownFileType = sourcecode.swift; name = appError.swift; path = FoursquareMapProject/Views/appError.swift; sourceTree = SOURCE_ROOT; };
		AF91D26E18BFCD1CFB8CA03A /* Pods-FoursquareMapProjectTests.debug.xcconfig */ = {isa = PBXFileReference; includeInIndex = 1; lastKnownFileType = text.xcconfig; name = "Pods-FoursquareMapProjectTests.debug.xcconfig"; path = "Target Support Files/Pods-FoursquareMapProjectTests/Pods-FoursquareMapProjectTests.debug.xcconfig"; sourceTree = "<group>"; };
		FACAF4FDFE97155F5B70B609 /* Pods_FoursquareMapProjectTests.framework */ = {isa = PBXFileReference; explicitFileType = wrapper.framework; includeInIndex = 0; path = Pods_FoursquareMapProjectTests.framework; sourceTree = BUILT_PRODUCTS_DIR; };
/* End PBXFileReference section */

/* Begin PBXFrameworksBuildPhase section */
		9FC44E1B2400681700D68408 /* Frameworks */ = {
			isa = PBXFrameworksBuildPhase;
			buildActionMask = 2147483647;
			files = (
				9FC44E452400684100D68408 /* DataPersistence in Frameworks */,
				9FC44E482400685700D68408 /* NetworkHelper in Frameworks */,
				9FC44E4B2400687600D68408 /* ImageKit in Frameworks */,
				C5099FAD327A24C13F2748D0 /* Pods_FoursquareMapProject.framework in Frameworks */,
			);
			runOnlyForDeploymentPostprocessing = 0;
		};
		9FC44E312400681B00D68408 /* Frameworks */ = {
			isa = PBXFrameworksBuildPhase;
			buildActionMask = 2147483647;
			files = (
				DEAADD368772F68E98467B91 /* Pods_FoursquareMapProjectTests.framework in Frameworks */,
			);
			runOnlyForDeploymentPostprocessing = 0;
		};
/* End PBXFrameworksBuildPhase section */

/* Begin PBXGroup section */
		0E6AFA1271DD5968EC8018F6 /* Pods */ = {
			isa = PBXGroup;
			children = (
				97EAB40D9BC3B0B8E7ABEB72 /* Pods-FoursquareMapProject.debug.xcconfig */,
				0F3720C3457B202EF176883C /* Pods-FoursquareMapProject.release.xcconfig */,
				AF91D26E18BFCD1CFB8CA03A /* Pods-FoursquareMapProjectTests.debug.xcconfig */,
				03D827D6608D2478CE5040C2 /* Pods-FoursquareMapProjectTests.release.xcconfig */,
			);
			path = Pods;
			sourceTree = "<group>";
		};
		8156611BF437D81A9E4A6914 /* Frameworks */ = {
			isa = PBXGroup;
			children = (
				7212DD91D0BA347815CE0C19 /* Pods_FoursquareMapProject.framework */,
				FACAF4FDFE97155F5B70B609 /* Pods_FoursquareMapProjectTests.framework */,
			);
			name = Frameworks;
			sourceTree = "<group>";
		};
		9F7AEAAA24006D0C00ED1E98 /* Model */ = {
			isa = PBXGroup;
			children = (
				9F7AEAAB24006D2400ED1E98 /* FoursqModel.swift */,
				9F7AEAA824006C8100ED1E98 /* UserPreference.swift */,
				9F7AEAB12400730500ED1E98 /* PendingNotifications.swift */,
			);
			path = Model;
			sourceTree = "<group>";
		};
		9F7AEAB3240074FC00ED1E98 /* Cell */ = {
			isa = PBXGroup;
			children = (
				9F7AEAC1240079EB00ED1E98 /* SearchCell.swift */,
				9F7AEAC324007B4400ED1E98 /* FavoritesViewCell.swift */,
			);
			path = Cell;
			sourceTree = "<group>";
		};
		9F7AEAB4240075C100ED1E98 /* Views */ = {
			isa = PBXGroup;
			children = (
				9F7AEAB52400763D00ED1E98 /* SearchView.swift */,
				6374DEEE24043DED00E0C03F /* SearchTableView.swift */,
				9F7AEABF2400799600ED1E98 /* SearchCollectionView.swift */,
				9F7AEAB9240077BE00ED1E98 /* SearchDetailView.swift */,
				9F7AEAB72400765B00ED1E98 /* FavoritesView.swift */,
				9FF3FA4224057E0600FD6BDA /* EmptyView.swift */,
				9F7AEAB3240074FC00ED1E98 /* Cell */,
			);
			path = Views;
			sourceTree = "<group>";
		};
		9FC44E152400681700D68408 = {
			isa = PBXGroup;
			children = (
				9FC44E202400681700D68408 /* FoursquareMapProject */,
				9FC44E372400681B00D68408 /* FoursquareMapProjectTests */,
				9FC44E1F2400681700D68408 /* Products */,
				0E6AFA1271DD5968EC8018F6 /* Pods */,
				8156611BF437D81A9E4A6914 /* Frameworks */,
			);
			sourceTree = "<group>";
		};
		9FC44E1F2400681700D68408 /* Products */ = {
			isa = PBXGroup;
			children = (
				9FC44E1E2400681700D68408 /* FoursquareMapProject.app */,
				9FC44E342400681B00D68408 /* FoursquareMapProjectTests.xctest */,
			);
			name = Products;
			sourceTree = "<group>";
		};
		9FC44E202400681700D68408 /* FoursquareMapProject */ = {
			isa = PBXGroup;
			children = (
				9F7AEAAA24006D0C00ED1E98 /* Model */,
				9F7AEAB4240075C100ED1E98 /* Views */,
				9FC44E4D240069E800D68408 /* Controllers */,
				9FC44E4C240069DE00D68408 /* Supporting Files */,
				9FC44E212400681700D68408 /* AppDelegate.swift */,
				9FC44E232400681700D68408 /* SceneDelegate.swift */,
				9FC44E252400681700D68408 /* ViewController.swift */,
				9FC44E272400681700D68408 /* Main.storyboard */,
				9FC44E2A2400681A00D68408 /* Assets.xcassets */,
				9FC44E2C2400681A00D68408 /* LaunchScreen.storyboard */,
				9FC44E2F2400681A00D68408 /* Info.plist */,
			);
			path = FoursquareMapProject;
			sourceTree = "<group>";
		};
		9FC44E372400681B00D68408 /* FoursquareMapProjectTests */ = {
			isa = PBXGroup;
			children = (
				9FC44E382400681B00D68408 /* FoursquareMapProjectTests.swift */,
				9FC44E3A2400681B00D68408 /* Info.plist */,
			);
			path = FoursquareMapProjectTests;
			sourceTree = "<group>";
		};
		9FC44E4C240069DE00D68408 /* Supporting Files */ = {
			isa = PBXGroup;
			children = (
				9FF3FA4424058F0700FD6BDA /* Extensions + Alerts.swift */,
				9FF3FA4624058F3100FD6BDA /* appError.swift */,
			);
			path = "Supporting Files";
			sourceTree = "<group>";
		};
		9FC44E4D240069E800D68408 /* Controllers */ = {
			isa = PBXGroup;
			children = (
				9F7AEAA624006BC000ED1E98 /* TabBarController.swift */,
				9F7AEAAD24006E2B00ED1E98 /* SearchViewController.swift */,
				9F7AEABB2400783A00ED1E98 /* SearchDetailViewController.swift */,
				9F7AEAAF24006E4000ED1E98 /* FavoritesViewController.swift */,
			);
			path = Controllers;
			sourceTree = "<group>";
		};
/* End PBXGroup section */

/* Begin PBXNativeTarget section */
		9FC44E1D2400681700D68408 /* FoursquareMapProject */ = {
			isa = PBXNativeTarget;
			buildConfigurationList = 9FC44E3D2400681B00D68408 /* Build configuration list for PBXNativeTarget "FoursquareMapProject" */;
			buildPhases = (
				1FA969DC6616EF87EE9025AA /* [CP] Check Pods Manifest.lock */,
				9FC44E1A2400681700D68408 /* Sources */,
				9FC44E1B2400681700D68408 /* Frameworks */,
				9FC44E1C2400681700D68408 /* Resources */,
				70D4401B6B654277D74765CA /* [CP] Embed Pods Frameworks */,
			);
			buildRules = (
			);
			dependencies = (
			);
			name = FoursquareMapProject;
			packageProductDependencies = (
				9FC44E442400684100D68408 /* DataPersistence */,
				9FC44E472400685700D68408 /* NetworkHelper */,
				9FC44E4A2400687600D68408 /* ImageKit */,
			);
			productName = FoursquareMapProject;
			productReference = 9FC44E1E2400681700D68408 /* FoursquareMapProject.app */;
			productType = "com.apple.product-type.application";
		};
		9FC44E332400681B00D68408 /* FoursquareMapProjectTests */ = {
			isa = PBXNativeTarget;
			buildConfigurationList = 9FC44E402400681B00D68408 /* Build configuration list for PBXNativeTarget "FoursquareMapProjectTests" */;
			buildPhases = (
				6C34F97B368A1D6B2F6B2226 /* [CP] Check Pods Manifest.lock */,
				9FC44E302400681B00D68408 /* Sources */,
				9FC44E312400681B00D68408 /* Frameworks */,
				9FC44E322400681B00D68408 /* Resources */,
			);
			buildRules = (
			);
			dependencies = (
				9FC44E362400681B00D68408 /* PBXTargetDependency */,
			);
			name = FoursquareMapProjectTests;
			productName = FoursquareMapProjectTests;
			productReference = 9FC44E342400681B00D68408 /* FoursquareMapProjectTests.xctest */;
			productType = "com.apple.product-type.bundle.unit-test";
		};
/* End PBXNativeTarget section */

/* Begin PBXProject section */
		9FC44E162400681700D68408 /* Project object */ = {
			isa = PBXProject;
			attributes = {
				LastSwiftUpdateCheck = 1130;
				LastUpgradeCheck = 1130;
				ORGANIZATIONNAME = "Margiett Gil";
				TargetAttributes = {
					9FC44E1D2400681700D68408 = {
						CreatedOnToolsVersion = 11.3;
					};
					9FC44E332400681B00D68408 = {
						CreatedOnToolsVersion = 11.3;
						TestTargetID = 9FC44E1D2400681700D68408;
					};
				};
			};
			buildConfigurationList = 9FC44E192400681700D68408 /* Build configuration list for PBXProject "FoursquareMapProject" */;
			compatibilityVersion = "Xcode 9.3";
			developmentRegion = en;
			hasScannedForEncodings = 0;
			knownRegions = (
				en,
				Base,
			);
			mainGroup = 9FC44E152400681700D68408;
			packageReferences = (
				9FC44E432400684100D68408 /* XCRemoteSwiftPackageReference "DataPersistence" */,
				9FC44E462400685700D68408 /* XCRemoteSwiftPackageReference "NetworkHelperSPM" */,
				9FC44E492400687600D68408 /* XCRemoteSwiftPackageReference "ImageKit" */,
			);
			productRefGroup = 9FC44E1F2400681700D68408 /* Products */;
			projectDirPath = "";
			projectRoot = "";
			targets = (
				9FC44E1D2400681700D68408 /* FoursquareMapProject */,
				9FC44E332400681B00D68408 /* FoursquareMapProjectTests */,
			);
		};
/* End PBXProject section */

/* Begin PBXResourcesBuildPhase section */
		9FC44E1C2400681700D68408 /* Resources */ = {
			isa = PBXResourcesBuildPhase;
			buildActionMask = 2147483647;
			files = (
				9FC44E2E2400681A00D68408 /* LaunchScreen.storyboard in Resources */,
				9FC44E2B2400681A00D68408 /* Assets.xcassets in Resources */,
				9FC44E292400681700D68408 /* Main.storyboard in Resources */,
			);
			runOnlyForDeploymentPostprocessing = 0;
		};
		9FC44E322400681B00D68408 /* Resources */ = {
			isa = PBXResourcesBuildPhase;
			buildActionMask = 2147483647;
			files = (
			);
			runOnlyForDeploymentPostprocessing = 0;
		};
/* End PBXResourcesBuildPhase section */

/* Begin PBXShellScriptBuildPhase section */
		1FA969DC6616EF87EE9025AA /* [CP] Check Pods Manifest.lock */ = {
			isa = PBXShellScriptBuildPhase;
			buildActionMask = 2147483647;
			files = (
			);
			inputFileListPaths = (
			);
			inputPaths = (
				"${PODS_PODFILE_DIR_PATH}/Podfile.lock",
				"${PODS_ROOT}/Manifest.lock",
			);
			name = "[CP] Check Pods Manifest.lock";
			outputFileListPaths = (
			);
			outputPaths = (
				"$(DERIVED_FILE_DIR)/Pods-FoursquareMapProject-checkManifestLockResult.txt",
			);
			runOnlyForDeploymentPostprocessing = 0;
			shellPath = /bin/sh;
			shellScript = "diff \"${PODS_PODFILE_DIR_PATH}/Podfile.lock\" \"${PODS_ROOT}/Manifest.lock\" > /dev/null\nif [ $? != 0 ] ; then\n    # print error to STDERR\n    echo \"error: The sandbox is not in sync with the Podfile.lock. Run 'pod install' or update your CocoaPods installation.\" >&2\n    exit 1\nfi\n# This output is used by Xcode 'outputs' to avoid re-running this script phase.\necho \"SUCCESS\" > \"${SCRIPT_OUTPUT_FILE_0}\"\n";
			showEnvVarsInLog = 0;
		};
		6C34F97B368A1D6B2F6B2226 /* [CP] Check Pods Manifest.lock */ = {
			isa = PBXShellScriptBuildPhase;
			buildActionMask = 2147483647;
			files = (
			);
			inputFileListPaths = (
			);
			inputPaths = (
				"${PODS_PODFILE_DIR_PATH}/Podfile.lock",
				"${PODS_ROOT}/Manifest.lock",
			);
			name = "[CP] Check Pods Manifest.lock";
			outputFileListPaths = (
			);
			outputPaths = (
				"$(DERIVED_FILE_DIR)/Pods-FoursquareMapProjectTests-checkManifestLockResult.txt",
			);
			runOnlyForDeploymentPostprocessing = 0;
			shellPath = /bin/sh;
			shellScript = "diff \"${PODS_PODFILE_DIR_PATH}/Podfile.lock\" \"${PODS_ROOT}/Manifest.lock\" > /dev/null\nif [ $? != 0 ] ; then\n    # print error to STDERR\n    echo \"error: The sandbox is not in sync with the Podfile.lock. Run 'pod install' or update your CocoaPods installation.\" >&2\n    exit 1\nfi\n# This output is used by Xcode 'outputs' to avoid re-running this script phase.\necho \"SUCCESS\" > \"${SCRIPT_OUTPUT_FILE_0}\"\n";
			showEnvVarsInLog = 0;
		};
		70D4401B6B654277D74765CA /* [CP] Embed Pods Frameworks */ = {
			isa = PBXShellScriptBuildPhase;
			buildActionMask = 2147483647;
			files = (
			);
			inputFileListPaths = (
				"${PODS_ROOT}/Target Support Files/Pods-FoursquareMapProject/Pods-FoursquareMapProject-frameworks-${CONFIGURATION}-input-files.xcfilelist",
			);
			name = "[CP] Embed Pods Frameworks";
			outputFileListPaths = (
				"${PODS_ROOT}/Target Support Files/Pods-FoursquareMapProject/Pods-FoursquareMapProject-frameworks-${CONFIGURATION}-output-files.xcfilelist",
			);
			runOnlyForDeploymentPostprocessing = 0;
			shellPath = /bin/sh;
			shellScript = "\"${PODS_ROOT}/Target Support Files/Pods-FoursquareMapProject/Pods-FoursquareMapProject-frameworks.sh\"\n";
			showEnvVarsInLog = 0;
		};
/* End PBXShellScriptBuildPhase section */

/* Begin PBXSourcesBuildPhase section */
		9FC44E1A2400681700D68408 /* Sources */ = {
			isa = PBXSourcesBuildPhase;
			buildActionMask = 2147483647;
			files = (
				9F7AEABC2400783A00ED1E98 /* SearchDetailViewController.swift in Sources */,
				9F7AEAB62400763D00ED1E98 /* SearchView.swift in Sources */,
				9F7AEABA240077BE00ED1E98 /* SearchDetailView.swift in Sources */,
				9FC44E262400681700D68408 /* ViewController.swift in Sources */,
				9F7AEAAE24006E2B00ED1E98 /* SearchViewController.swift in Sources */,
				9F7AEAA724006BC000ED1E98 /* TabBarController.swift in Sources */,
				9FC44E222400681700D68408 /* AppDelegate.swift in Sources */,
				9F7AEAB024006E4000ED1E98 /* FavoritesViewController.swift in Sources */,
				9F7AEAAC24006D2400ED1E98 /* FoursqModel.swift in Sources */,
				9F7AEAB22400730500ED1E98 /* PendingNotifications.swift in Sources */,
				9FF3FA4324057E0600FD6BDA /* EmptyView.swift in Sources */,
				6374DEEF24043DED00E0C03F /* SearchTableView.swift in Sources */,
				9FF3FA4724058F3100FD6BDA /* appError.swift in Sources */,
				9F7AEAC424007B4400ED1E98 /* FavoritesViewCell.swift in Sources */,
				9F7AEAC02400799600ED1E98 /* SearchCollectionView.swift in Sources */,
				9F7AEAA924006C8100ED1E98 /* UserPreference.swift in Sources */,
				9F7AEAB82400765B00ED1E98 /* FavoritesView.swift in Sources */,
				9FC44E242400681700D68408 /* SceneDelegate.swift in Sources */,
				9F7AEAC2240079EB00ED1E98 /* SearchCell.swift in Sources */,
				9FF3FA4524058F0700FD6BDA /* Extensions + Alerts.swift in Sources */,
			);
			runOnlyForDeploymentPostprocessing = 0;
		};
		9FC44E302400681B00D68408 /* Sources */ = {
			isa = PBXSourcesBuildPhase;
			buildActionMask = 2147483647;
			files = (
				9FC44E392400681B00D68408 /* FoursquareMapProjectTests.swift in Sources */,
			);
			runOnlyForDeploymentPostprocessing = 0;
		};
/* End PBXSourcesBuildPhase section */

/* Begin PBXTargetDependency section */
		9FC44E362400681B00D68408 /* PBXTargetDependency */ = {
			isa = PBXTargetDependency;
			target = 9FC44E1D2400681700D68408 /* FoursquareMapProject */;
			targetProxy = 9FC44E352400681B00D68408 /* PBXContainerItemProxy */;
		};
/* End PBXTargetDependency section */

/* Begin PBXVariantGroup section */
		9FC44E272400681700D68408 /* Main.storyboard */ = {
			isa = PBXVariantGroup;
			children = (
				9FC44E282400681700D68408 /* Base */,
			);
			name = Main.storyboard;
			sourceTree = "<group>";
		};
		9FC44E2C2400681A00D68408 /* LaunchScreen.storyboard */ = {
			isa = PBXVariantGroup;
			children = (
				9FC44E2D2400681A00D68408 /* Base */,
			);
			name = LaunchScreen.storyboard;
			sourceTree = "<group>";
		};
/* End PBXVariantGroup section */

/* Begin XCBuildConfiguration section */
		9FC44E3B2400681B00D68408 /* Debug */ = {
			isa = XCBuildConfiguration;
			buildSettings = {
				ALWAYS_SEARCH_USER_PATHS = NO;
				CLANG_ANALYZER_NONNULL = YES;
				CLANG_ANALYZER_NUMBER_OBJECT_CONVERSION = YES_AGGRESSIVE;
				CLANG_CXX_LANGUAGE_STANDARD = "gnu++14";
				CLANG_CXX_LIBRARY = "libc++";
				CLANG_ENABLE_MODULES = YES;
				CLANG_ENABLE_OBJC_ARC = YES;
				CLANG_ENABLE_OBJC_WEAK = YES;
				CLANG_WARN_BLOCK_CAPTURE_AUTORELEASING = YES;
				CLANG_WARN_BOOL_CONVERSION = YES;
				CLANG_WARN_COMMA = YES;
				CLANG_WARN_CONSTANT_CONVERSION = YES;
				CLANG_WARN_DEPRECATED_OBJC_IMPLEMENTATIONS = YES;
				CLANG_WARN_DIRECT_OBJC_ISA_USAGE = YES_ERROR;
				CLANG_WARN_DOCUMENTATION_COMMENTS = YES;
				CLANG_WARN_EMPTY_BODY = YES;
				CLANG_WARN_ENUM_CONVERSION = YES;
				CLANG_WARN_INFINITE_RECURSION = YES;
				CLANG_WARN_INT_CONVERSION = YES;
				CLANG_WARN_NON_LITERAL_NULL_CONVERSION = YES;
				CLANG_WARN_OBJC_IMPLICIT_RETAIN_SELF = YES;
				CLANG_WARN_OBJC_LITERAL_CONVERSION = YES;
				CLANG_WARN_OBJC_ROOT_CLASS = YES_ERROR;
				CLANG_WARN_RANGE_LOOP_ANALYSIS = YES;
				CLANG_WARN_STRICT_PROTOTYPES = YES;
				CLANG_WARN_SUSPICIOUS_MOVE = YES;
				CLANG_WARN_UNGUARDED_AVAILABILITY = YES_AGGRESSIVE;
				CLANG_WARN_UNREACHABLE_CODE = YES;
				CLANG_WARN__DUPLICATE_METHOD_MATCH = YES;
				COPY_PHASE_STRIP = NO;
				DEBUG_INFORMATION_FORMAT = dwarf;
				ENABLE_STRICT_OBJC_MSGSEND = YES;
				ENABLE_TESTABILITY = YES;
				GCC_C_LANGUAGE_STANDARD = gnu11;
				GCC_DYNAMIC_NO_PIC = NO;
				GCC_NO_COMMON_BLOCKS = YES;
				GCC_OPTIMIZATION_LEVEL = 0;
				GCC_PREPROCESSOR_DEFINITIONS = (
					"DEBUG=1",
					"$(inherited)",
				);
				GCC_WARN_64_TO_32_BIT_CONVERSION = YES;
				GCC_WARN_ABOUT_RETURN_TYPE = YES_ERROR;
				GCC_WARN_UNDECLARED_SELECTOR = YES;
				GCC_WARN_UNINITIALIZED_AUTOS = YES_AGGRESSIVE;
				GCC_WARN_UNUSED_FUNCTION = YES;
				GCC_WARN_UNUSED_VARIABLE = YES;
				IPHONEOS_DEPLOYMENT_TARGET = 13.2;
				MTL_ENABLE_DEBUG_INFO = INCLUDE_SOURCE;
				MTL_FAST_MATH = YES;
				ONLY_ACTIVE_ARCH = YES;
				SDKROOT = iphoneos;
				SWIFT_ACTIVE_COMPILATION_CONDITIONS = DEBUG;
				SWIFT_OPTIMIZATION_LEVEL = "-Onone";
			};
			name = Debug;
		};
		9FC44E3C2400681B00D68408 /* Release */ = {
			isa = XCBuildConfiguration;
			buildSettings = {
				ALWAYS_SEARCH_USER_PATHS = NO;
				CLANG_ANALYZER_NONNULL = YES;
				CLANG_ANALYZER_NUMBER_OBJECT_CONVERSION = YES_AGGRESSIVE;
				CLANG_CXX_LANGUAGE_STANDARD = "gnu++14";
				CLANG_CXX_LIBRARY = "libc++";
				CLANG_ENABLE_MODULES = YES;
				CLANG_ENABLE_OBJC_ARC = YES;
				CLANG_ENABLE_OBJC_WEAK = YES;
				CLANG_WARN_BLOCK_CAPTURE_AUTORELEASING = YES;
				CLANG_WARN_BOOL_CONVERSION = YES;
				CLANG_WARN_COMMA = YES;
				CLANG_WARN_CONSTANT_CONVERSION = YES;
				CLANG_WARN_DEPRECATED_OBJC_IMPLEMENTATIONS = YES;
				CLANG_WARN_DIRECT_OBJC_ISA_USAGE = YES_ERROR;
				CLANG_WARN_DOCUMENTATION_COMMENTS = YES;
				CLANG_WARN_EMPTY_BODY = YES;
				CLANG_WARN_ENUM_CONVERSION = YES;
				CLANG_WARN_INFINITE_RECURSION = YES;
				CLANG_WARN_INT_CONVERSION = YES;
				CLANG_WARN_NON_LITERAL_NULL_CONVERSION = YES;
				CLANG_WARN_OBJC_IMPLICIT_RETAIN_SELF = YES;
				CLANG_WARN_OBJC_LITERAL_CONVERSION = YES;
				CLANG_WARN_OBJC_ROOT_CLASS = YES_ERROR;
				CLANG_WARN_RANGE_LOOP_ANALYSIS = YES;
				CLANG_WARN_STRICT_PROTOTYPES = YES;
				CLANG_WARN_SUSPICIOUS_MOVE = YES;
				CLANG_WARN_UNGUARDED_AVAILABILITY = YES_AGGRESSIVE;
				CLANG_WARN_UNREACHABLE_CODE = YES;
				CLANG_WARN__DUPLICATE_METHOD_MATCH = YES;
				COPY_PHASE_STRIP = NO;
				DEBUG_INFORMATION_FORMAT = "dwarf-with-dsym";
				ENABLE_NS_ASSERTIONS = NO;
				ENABLE_STRICT_OBJC_MSGSEND = YES;
				GCC_C_LANGUAGE_STANDARD = gnu11;
				GCC_NO_COMMON_BLOCKS = YES;
				GCC_WARN_64_TO_32_BIT_CONVERSION = YES;
				GCC_WARN_ABOUT_RETURN_TYPE = YES_ERROR;
				GCC_WARN_UNDECLARED_SELECTOR = YES;
				GCC_WARN_UNINITIALIZED_AUTOS = YES_AGGRESSIVE;
				GCC_WARN_UNUSED_FUNCTION = YES;
				GCC_WARN_UNUSED_VARIABLE = YES;
				IPHONEOS_DEPLOYMENT_TARGET = 13.2;
				MTL_ENABLE_DEBUG_INFO = NO;
				MTL_FAST_MATH = YES;
				SDKROOT = iphoneos;
				SWIFT_COMPILATION_MODE = wholemodule;
				SWIFT_OPTIMIZATION_LEVEL = "-O";
				VALIDATE_PRODUCT = YES;
			};
			name = Release;
		};
		9FC44E3E2400681B00D68408 /* Debug */ = {
			isa = XCBuildConfiguration;
			baseConfigurationReference = 97EAB40D9BC3B0B8E7ABEB72 /* Pods-FoursquareMapProject.debug.xcconfig */;
			buildSettings = {
				ASSETCATALOG_COMPILER_APPICON_NAME = AppIcon;
				CODE_SIGN_STYLE = Automatic;
				DEVELOPMENT_TEAM = J35376R2S6;
				INFOPLIST_FILE = FoursquareMapProject/Info.plist;
				LD_RUNPATH_SEARCH_PATHS = (
					"$(inherited)",
					"@executable_path/Frameworks",
				);
				PRODUCT_BUNDLE_IDENTIFIER = com.Margiett.FoursquareMapProject;
				PRODUCT_NAME = "$(TARGET_NAME)";
				SWIFT_VERSION = 5.0;
				TARGETED_DEVICE_FAMILY = "1,2";
			};
			name = Debug;
		};
		9FC44E3F2400681B00D68408 /* Release */ = {
			isa = XCBuildConfiguration;
			baseConfigurationReference = 0F3720C3457B202EF176883C /* Pods-FoursquareMapProject.release.xcconfig */;
			buildSettings = {
				ASSETCATALOG_COMPILER_APPICON_NAME = AppIcon;
				CODE_SIGN_STYLE = Automatic;
				DEVELOPMENT_TEAM = J35376R2S6;
				INFOPLIST_FILE = FoursquareMapProject/Info.plist;
				LD_RUNPATH_SEARCH_PATHS = (
					"$(inherited)",
					"@executable_path/Frameworks",
				);
				PRODUCT_BUNDLE_IDENTIFIER = com.Margiett.FoursquareMapProject;
				PRODUCT_NAME = "$(TARGET_NAME)";
				SWIFT_VERSION = 5.0;
				TARGETED_DEVICE_FAMILY = "1,2";
			};
			name = Release;
		};
		9FC44E412400681B00D68408 /* Debug */ = {
			isa = XCBuildConfiguration;
			baseConfigurationReference = AF91D26E18BFCD1CFB8CA03A /* Pods-FoursquareMapProjectTests.debug.xcconfig */;
			buildSettings = {
				ALWAYS_EMBED_SWIFT_STANDARD_LIBRARIES = YES;
				BUNDLE_LOADER = "$(TEST_HOST)";
				CODE_SIGN_STYLE = Automatic;
				DEVELOPMENT_TEAM = J35376R2S6;
				INFOPLIST_FILE = FoursquareMapProjectTests/Info.plist;
				IPHONEOS_DEPLOYMENT_TARGET = 13.2;
				LD_RUNPATH_SEARCH_PATHS = (
					"$(inherited)",
					"@executable_path/Frameworks",
					"@loader_path/Frameworks",
				);
				PRODUCT_BUNDLE_IDENTIFIER = com.Margiett.FoursquareMapProjectTests;
				PRODUCT_NAME = "$(TARGET_NAME)";
				SWIFT_VERSION = 5.0;
				TARGETED_DEVICE_FAMILY = "1,2";
				TEST_HOST = "$(BUILT_PRODUCTS_DIR)/FoursquareMapProject.app/FoursquareMapProject";
			};
			name = Debug;
		};
		9FC44E422400681B00D68408 /* Release */ = {
			isa = XCBuildConfiguration;
			baseConfigurationReference = 03D827D6608D2478CE5040C2 /* Pods-FoursquareMapProjectTests.release.xcconfig */;
			buildSettings = {
				ALWAYS_EMBED_SWIFT_STANDARD_LIBRARIES = YES;
				BUNDLE_LOADER = "$(TEST_HOST)";
				CODE_SIGN_STYLE = Automatic;
				DEVELOPMENT_TEAM = J35376R2S6;
				INFOPLIST_FILE = FoursquareMapProjectTests/Info.plist;
				IPHONEOS_DEPLOYMENT_TARGET = 13.2;
				LD_RUNPATH_SEARCH_PATHS = (
					"$(inherited)",
					"@executable_path/Frameworks",
					"@loader_path/Frameworks",
				);
				PRODUCT_BUNDLE_IDENTIFIER = com.Margiett.FoursquareMapProjectTests;
				PRODUCT_NAME = "$(TARGET_NAME)";
				SWIFT_VERSION = 5.0;
				TARGETED_DEVICE_FAMILY = "1,2";
				TEST_HOST = "$(BUILT_PRODUCTS_DIR)/FoursquareMapProject.app/FoursquareMapProject";
			};
			name = Release;
		};
/* End XCBuildConfiguration section */

/* Begin XCConfigurationList section */
		9FC44E192400681700D68408 /* Build configuration list for PBXProject "FoursquareMapProject" */ = {
			isa = XCConfigurationList;
			buildConfigurations = (
				9FC44E3B2400681B00D68408 /* Debug */,
				9FC44E3C2400681B00D68408 /* Release */,
			);
			defaultConfigurationIsVisible = 0;
			defaultConfigurationName = Release;
		};
		9FC44E3D2400681B00D68408 /* Build configuration list for PBXNativeTarget "FoursquareMapProject" */ = {
			isa = XCConfigurationList;
			buildConfigurations = (
				9FC44E3E2400681B00D68408 /* Debug */,
				9FC44E3F2400681B00D68408 /* Release */,
			);
			defaultConfigurationIsVisible = 0;
			defaultConfigurationName = Release;
		};
		9FC44E402400681B00D68408 /* Build configuration list for PBXNativeTarget "FoursquareMapProjectTests" */ = {
			isa = XCConfigurationList;
			buildConfigurations = (
				9FC44E412400681B00D68408 /* Debug */,
				9FC44E422400681B00D68408 /* Release */,
			);
			defaultConfigurationIsVisible = 0;
			defaultConfigurationName = Release;
		};
/* End XCConfigurationList section */

/* Begin XCRemoteSwiftPackageReference section */
		9FC44E432400684100D68408 /* XCRemoteSwiftPackageReference "DataPersistence" */ = {
			isa = XCRemoteSwiftPackageReference;
			repositoryURL = "https://github.com/alexpaul/DataPersistence.git";
			requirement = {
				kind = upToNextMajorVersion;
				minimumVersion = 1.1.0;
			};
		};
		9FC44E462400685700D68408 /* XCRemoteSwiftPackageReference "NetworkHelperSPM" */ = {
			isa = XCRemoteSwiftPackageReference;
			repositoryURL = "https://github.com/alexpaul/NetworkHelperSPM.git";
			requirement = {
				kind = upToNextMajorVersion;
				minimumVersion = 1.0.6;
			};
		};
		9FC44E492400687600D68408 /* XCRemoteSwiftPackageReference "ImageKit" */ = {
			isa = XCRemoteSwiftPackageReference;
			repositoryURL = "https://github.com/alexpaul/ImageKit.git";
			requirement = {
				kind = upToNextMajorVersion;
				minimumVersion = 1.0.4;
			};
		};
/* End XCRemoteSwiftPackageReference section */

/* Begin XCSwiftPackageProductDependency section */
		9FC44E442400684100D68408 /* DataPersistence */ = {
			isa = XCSwiftPackageProductDependency;
			package = 9FC44E432400684100D68408 /* XCRemoteSwiftPackageReference "DataPersistence" */;
			productName = DataPersistence;
		};
		9FC44E472400685700D68408 /* NetworkHelper */ = {
			isa = XCSwiftPackageProductDependency;
			package = 9FC44E462400685700D68408 /* XCRemoteSwiftPackageReference "NetworkHelperSPM" */;
			productName = NetworkHelper;
		};
		9FC44E4A2400687600D68408 /* ImageKit */ = {
			isa = XCSwiftPackageProductDependency;
			package = 9FC44E492400687600D68408 /* XCRemoteSwiftPackageReference "ImageKit" */;
			productName = ImageKit;
		};
/* End XCSwiftPackageProductDependency section */
	};
	rootObject = 9FC44E162400681700D68408 /* Project object */;
}
